
Microsoft Visual Studio Solution File, Format Version 12.00
# Visual Studio Version 16
VisualStudioVersion = 16.0.30114.105
MinimumVisualStudioVersion = 10.0.40219.1
Project("{FAE04EC0-301F-11D3-BF4B-00C04F79EFBC}") = "ShopUI", "ShopUI\ShopUI.csproj", "{63819BD4-AD50-465B-8E97-60C69641B11A}"
EndProject
Project("{FAE04EC0-301F-11D3-BF4B-00C04F79EFBC}") = "ShopModel", "BookModel\BookModel.csproj", "{F68AA793-1A14-433F-A426-C3F31179B92A}"
EndProject
Project("{FAE04EC0-301F-11D3-BF4B-00C04F79EFBC}") = "ShopDL", "BookDL\BookDL.csproj", "{37C34BEA-E690-4A27-A6C9-B99202F8CD92}"
EndProject
Project("{FAE04EC0-301F-11D3-BF4B-00C04F79EFBC}") = "ShopBL", "BookBL\BookBL.csproj", "{0D3CF0A6-4493-45A3-96A6-E2684F299BD7}"
EndProject
Global
	GlobalSection(SolutionConfigurationPlatforms) = preSolution
		Debug|Any CPU = Debug|Any CPU
		Release|Any CPU = Release|Any CPU
	EndGlobalSection
	GlobalSection(SolutionProperties) = preSolution
		HideSolutionNode = FALSE
	EndGlobalSection
	GlobalSection(ProjectConfigurationPlatforms) = postSolution
		{63819BD4-AD50-465B-8E97-60C69641B11A}.Debug|Any CPU.ActiveCfg = Debug|Any CPU
		{63819BD4-AD50-465B-8E97-60C69641B11A}.Debug|Any CPU.Build.0 = Debug|Any CPU
		{63819BD4-AD50-465B-8E97-60C69641B11A}.Release|Any CPU.ActiveCfg = Release|Any CPU
		{63819BD4-AD50-465B-8E97-60C69641B11A}.Release|Any CPU.Build.0 = Release|Any CPU
		{F68AA793-1A14-433F-A426-C3F31179B92A}.Debug|Any CPU.ActiveCfg = Debug|Any CPU
		{F68AA793-1A14-433F-A426-C3F31179B92A}.Debug|Any CPU.Build.0 = Debug|Any CPU
		{F68AA793-1A14-433F-A426-C3F31179B92A}.Release|Any CPU.ActiveCfg = Release|Any CPU
		{F68AA793-1A14-433F-A426-C3F31179B92A}.Release|Any CPU.Build.0 = Release|Any CPU
		{37C34BEA-E690-4A27-A6C9-B99202F8CD92}.Debug|Any CPU.ActiveCfg = Debug|Any CPU
		{37C34BEA-E690-4A27-A6C9-B99202F8CD92}.Debug|Any CPU.Build.0 = Debug|Any CPU
		{37C34BEA-E690-4A27-A6C9-B99202F8CD92}.Release|Any CPU.ActiveCfg = Release|Any CPU
		{37C34BEA-E690-4A27-A6C9-B99202F8CD92}.Release|Any CPU.Build.0 = Release|Any CPU
		{0D3CF0A6-4493-45A3-96A6-E2684F299BD7}.Debug|Any CPU.ActiveCfg = Debug|Any CPU
		{0D3CF0A6-4493-45A3-96A6-E2684F299BD7}.Debug|Any CPU.Build.0 = Debug|Any CPU
		{0D3CF0A6-4493-45A3-96A6-E2684F299BD7}.Release|Any CPU.ActiveCfg = Release|Any CPU
		{0D3CF0A6-4493-45A3-96A6-E2684F299BD7}.Release|Any CPU.Build.0 = Release|Any CPU
		{95E70485-D4C3-4F13-947E-EE9C91FFB907}.Debug|Any CPU.ActiveCfg = Debug|Any CPU
		{95E70485-D4C3-4F13-947E-EE9C91FFB907}.Debug|Any CPU.Build.0 = Debug|Any CPU
		{95E70485-D4C3-4F13-947E-EE9C91FFB907}.Release|Any CPU.ActiveCfg = Release|Any CPU
		{95E70485-D4C3-4F13-947E-EE9C91FFB907}.Release|Any CPU.Build.0 = Release|Any CPU
		{4373E464-D5D0-4A39-8345-0A6E89CD023B}.Debug|Any CPU.ActiveCfg = Debug|Any CPU
		{4373E464-D5D0-4A39-8345-0A6E89CD023B}.Debug|Any CPU.Build.0 = Debug|Any CPU
		{4373E464-D5D0-4A39-8345-0A6E89CD023B}.Release|Any CPU.ActiveCfg = Release|Any CPU
		{4373E464-D5D0-4A39-8345-0A6E89CD023B}.Release|Any CPU.Build.0 = Release|Any CPU
		{AA339CCF-18E0-4BF6-884A-3CC189436019}.Debug|Any CPU.ActiveCfg = Debug|Any CPU
		{AA339CCF-18E0-4BF6-884A-3CC189436019}.Debug|Any CPU.Build.0 = Debug|Any CPU
		{AA339CCF-18E0-4BF6-884A-3CC189436019}.Release|Any CPU.ActiveCfg = Release|Any CPU
		{AA339CCF-18E0-4BF6-884A-3CC189436019}.Release|Any CPU.Build.0 = Release|Any CPU
		{8F2B7428-3BC4-4335-83A7-C349452681CD}.Debug|Any CPU.ActiveCfg = Debug|Any CPU
		{8F2B7428-3BC4-4335-83A7-C349452681CD}.Debug|Any CPU.Build.0 = Debug|Any CPU
		{8F2B7428-3BC4-4335-83A7-C349452681CD}.Release|Any CPU.ActiveCfg = Release|Any CPU
		{8F2B7428-3BC4-4335-83A7-C349452681CD}.Release|Any CPU.Build.0 = Release|Any CPU
	EndGlobalSection
EndGlobal
